
Microsoft Visual Studio Solution File, Format Version 12.00
# Visual Studio 15
VisualStudioVersion = 15.0.26430.13
MinimumVisualStudioVersion = 10.0.40219.1
Project("{D954291E-2A0B-460D-934E-DC6B0785DB48}") = "ThroneRooms.Shared", "ThroneRooms.Shared\ThroneRooms.Shared.shproj", "{4034B939-83BB-4AB1-936D-62E1A36DDC4F}"
EndProject
Project("{FAE04EC0-301F-11D3-BF4B-00C04F79EFBC}") = "ThroneRooms.Android", "ThroneRooms.Android\ThroneRooms.Android.csproj", "{43E60047-5945-48AD-A3D0-259D0C53A9BD}"
EndProject
Project("{FAE04EC0-301F-11D3-BF4B-00C04F79EFBC}") = "ThroneRooms.iOS", "ThroneRooms.iOS\ThroneRooms.iOS.csproj", "{E9279E9B-000B-4E6F-9E3E-7EE9BD0D3EBB}"
EndProject
Global
	GlobalSection(SharedMSBuildProjectFiles) = preSolution
		ThroneRooms.Shared\ThroneRooms.projitems*{4034b939-83bb-4ab1-936d-62e1a36ddc4f}*SharedItemsImports = 13
		ThroneRooms.Shared\ThroneRooms.projitems*{43e60047-5945-48ad-a3d0-259d0c53a9bd}*SharedItemsImports = 4
		ThroneRooms.Shared\ThroneRooms.projitems*{e9279e9b-000b-4e6f-9e3e-7ee9bd0d3ebb}*SharedItemsImports = 4
	EndGlobalSection
	GlobalSection(SolutionConfigurationPlatforms) = preSolution
		Ad-Hoc|Any CPU = Ad-Hoc|Any CPU
		Ad-Hoc|ARM = Ad-Hoc|ARM
		Ad-Hoc|iPhone = Ad-Hoc|iPhone
		Ad-Hoc|iPhoneSimulator = Ad-Hoc|iPhoneSimulator
		Ad-Hoc|x64 = Ad-Hoc|x64
		Ad-Hoc|x86 = Ad-Hoc|x86
		AppStore|Any CPU = AppStore|Any CPU
		AppStore|ARM = AppStore|ARM
		AppStore|iPhone = AppStore|iPhone
		AppStore|iPhoneSimulator = AppStore|iPhoneSimulator
		AppStore|x64 = AppStore|x64
		AppStore|x86 = AppStore|x86
		Debug|Any CPU = Debug|Any CPU
		Debug|ARM = Debug|ARM
		Debug|iPhone = Debug|iPhone
		Debug|iPhoneSimulator = Debug|iPhoneSimulator
		Debug|x64 = Debug|x64
		Debug|x86 = Debug|x86
		Release|Any CPU = Release|Any CPU
		Release|ARM = Release|ARM
		Release|iPhone = Release|iPhone
		Release|iPhoneSimulator = Release|iPhoneSimulator
		Release|x64 = Release|x64
		Release|x86 = Release|x86
	EndGlobalSection
	GlobalSection(ProjectConfigurationPlatforms) = postSolution
		{43E60047-5945-48AD-A3D0-259D0C53A9BD}.Ad-Hoc|Any CPU.ActiveCfg = Release|Any CPU
		{43E60047-5945-48AD-A3D0-259D0C53A9BD}.Ad-Hoc|Any CPU.Build.0 = Release|Any CPU
		{43E60047-5945-48AD-A3D0-259D0C53A9BD}.Ad-Hoc|Any CPU.Deploy.0 = Release|Any CPU
		{43E60047-5945-48AD-A3D0-259D0C53A9BD}.Ad-Hoc|ARM.ActiveCfg = Release|Any CPU
		{43E60047-5945-48AD-A3D0-259D0C53A9BD}.Ad-Hoc|ARM.Build.0 = Release|Any CPU
		{43E60047-5945-48AD-A3D0-259D0C53A9BD}.Ad-Hoc|ARM.Deploy.0 = Release|Any CPU
		{43E60047-5945-48AD-A3D0-259D0C53A9BD}.Ad-Hoc|iPhone.ActiveCfg = Release|Any CPU
		{43E60047-5945-48AD-A3D0-259D0C53A9BD}.Ad-Hoc|iPhone.Build.0 = Release|Any CPU
		{43E60047-5945-48AD-A3D0-259D0C53A9BD}.Ad-Hoc|iPhone.Deploy.0 = Release|Any CPU
		{43E60047-5945-48AD-A3D0-259D0C53A9BD}.Ad-Hoc|iPhoneSimulator.ActiveCfg = Release|Any CPU
		{43E60047-5945-48AD-A3D0-259D0C53A9BD}.Ad-Hoc|iPhoneSimulator.Build.0 = Release|Any CPU
		{43E60047-5945-48AD-A3D0-259D0C53A9BD}.Ad-Hoc|iPhoneSimulator.Deploy.0 = Release|Any CPU
		{43E60047-5945-48AD-A3D0-259D0C53A9BD}.Ad-Hoc|x64.ActiveCfg = Release|Any CPU
		{43E60047-5945-48AD-A3D0-259D0C53A9BD}.Ad-Hoc|x64.Build.0 = Release|Any CPU
		{43E60047-5945-48AD-A3D0-259D0C53A9BD}.Ad-Hoc|x64.Deploy.0 = Release|Any CPU
		{43E60047-5945-48AD-A3D0-259D0C53A9BD}.Ad-Hoc|x86.ActiveCfg = Release|Any CPU
		{43E60047-5945-48AD-A3D0-259D0C53A9BD}.Ad-Hoc|x86.Build.0 = Release|Any CPU
		{43E60047-5945-48AD-A3D0-259D0C53A9BD}.Ad-Hoc|x86.Deploy.0 = Release|Any CPU
		{43E60047-5945-48AD-A3D0-259D0C53A9BD}.AppStore|Any CPU.ActiveCfg = Release|Any CPU
		{43E60047-5945-48AD-A3D0-259D0C53A9BD}.AppStore|Any CPU.Build.0 = Release|Any CPU
		{43E60047-5945-48AD-A3D0-259D0C53A9BD}.AppStore|Any CPU.Deploy.0 = Release|Any CPU
		{43E60047-5945-48AD-A3D0-259D0C53A9BD}.AppStore|ARM.ActiveCfg = Release|Any CPU
		{43E60047-5945-48AD-A3D0-259D0C53A9BD}.AppStore|ARM.Build.0 = Release|Any CPU
		{43E60047-5945-48AD-A3D0-259D0C53A9BD}.AppStore|ARM.Deploy.0 = Release|Any CPU
		{43E60047-5945-48AD-A3D0-259D0C53A9BD}.AppStore|iPhone.ActiveCfg = Release|Any CPU
		{43E60047-5945-48AD-A3D0-259D0C53A9BD}.AppStore|iPhone.Build.0 = Release|Any CPU
		{43E60047-5945-48AD-A3D0-259D0C53A9BD}.AppStore|iPhone.Deploy.0 = Release|Any CPU
		{43E60047-5945-48AD-A3D0-259D0C53A9BD}.AppStore|iPhoneSimulator.ActiveCfg = Release|Any CPU
		{43E60047-5945-48AD-A3D0-259D0C53A9BD}.AppStore|iPhoneSimulator.Build.0 = Release|Any CPU
		{43E60047-5945-48AD-A3D0-259D0C53A9BD}.AppStore|iPhoneSimulator.Deploy.0 = Release|Any CPU
		{43E60047-5945-48AD-A3D0-259D0C53A9BD}.AppStore|x64.ActiveCfg = Release|Any CPU
		{43E60047-5945-48AD-A3D0-259D0C53A9BD}.AppStore|x64.Build.0 = Release|Any CPU
		{43E60047-5945-48AD-A3D0-259D0C53A9BD}.AppStore|x64.Deploy.0 = Release|Any CPU
		{43E60047-5945-48AD-A3D0-259D0C53A9BD}.AppStore|x86.ActiveCfg = Release|Any CPU
		{43E60047-5945-48AD-A3D0-259D0C53A9BD}.AppStore|x86.Build.0 = Release|Any CPU
		{43E60047-5945-48AD-A3D0-259D0C53A9BD}.AppStore|x86.Deploy.0 = Release|Any CPU
		{43E60047-5945-48AD-A3D0-259D0C53A9BD}.Debug|Any CPU.ActiveCfg = Debug|Any CPU
		{43E60047-5945-48AD-A3D0-259D0C53A9BD}.Debug|Any CPU.Build.0 = Debug|Any CPU
		{43E60047-5945-48AD-A3D0-259D0C53A9BD}.Debug|Any CPU.Deploy.0 = Debug|Any CPU
		{43E60047-5945-48AD-A3D0-259D0C53A9BD}.Debug|ARM.ActiveCfg = Debug|Any CPU
		{43E60047-5945-48AD-A3D0-259D0C53A9BD}.Debug|ARM.Build.0 = Debug|Any CPU
		{43E60047-5945-48AD-A3D0-259D0C53A9BD}.Debug|ARM.Deploy.0 = Debug|Any CPU
		{43E60047-5945-48AD-A3D0-259D0C53A9BD}.Debug|iPhone.ActiveCfg = Debug|Any CPU
		{43E60047-5945-48AD-A3D0-259D0C53A9BD}.Debug|iPhone.Build.0 = Debug|Any CPU
		{43E60047-5945-48AD-A3D0-259D0C53A9BD}.Debug|iPhone.Deploy.0 = Debug|Any CPU
		{43E60047-5945-48AD-A3D0-259D0C53A9BD}.Debug|iPhoneSimulator.ActiveCfg = Debug|Any CPU
		{43E60047-5945-48AD-A3D0-259D0C53A9BD}.Debug|iPhoneSimulator.Build.0 = Debug|Any CPU
		{43E60047-5945-48AD-A3D0-259D0C53A9BD}.Debug|iPhoneSimulator.Deploy.0 = Debug|Any CPU
		{43E60047-5945-48AD-A3D0-259D0C53A9BD}.Debug|x64.ActiveCfg = Debug|Any CPU
		{43E60047-5945-48AD-A3D0-259D0C53A9BD}.Debug|x64.Build.0 = Debug|Any CPU
		{43E60047-5945-48AD-A3D0-259D0C53A9BD}.Debug|x64.Deploy.0 = Debug|Any CPU
		{43E60047-5945-48AD-A3D0-259D0C53A9BD}.Debug|x86.ActiveCfg = Debug|Any CPU
		{43E60047-5945-48AD-A3D0-259D0C53A9BD}.Debug|x86.Build.0 = Debug|Any CPU
		{43E60047-5945-48AD-A3D0-259D0C53A9BD}.Debug|x86.Deploy.0 = Debug|Any CPU
		{43E60047-5945-48AD-A3D0-259D0C53A9BD}.Release|Any CPU.ActiveCfg = Release|Any CPU
		{43E60047-5945-48AD-A3D0-259D0C53A9BD}.Release|Any CPU.Build.0 = Release|Any CPU
		{43E60047-5945-48AD-A3D0-259D0C53A9BD}.Release|Any CPU.Deploy.0 = Release|Any CPU
		{43E60047-5945-48AD-A3D0-259D0C53A9BD}.Release|ARM.ActiveCfg = Release|Any CPU
		{43E60047-5945-48AD-A3D0-259D0C53A9BD}.Release|ARM.Build.0 = Release|Any CPU
		{43E60047-5945-48AD-A3D0-259D0C53A9BD}.Release|ARM.Deploy.0 = Release|Any CPU
		{43E60047-5945-48AD-A3D0-259D0C53A9BD}.Release|iPhone.ActiveCfg = Release|Any CPU
		{43E60047-5945-48AD-A3D0-259D0C53A9BD}.Release|iPhone.Build.0 = Release|Any CPU
		{43E60047-5945-48AD-A3D0-259D0C53A9BD}.Release|iPhone.Deploy.0 = Release|Any CPU
		{43E60047-5945-48AD-A3D0-259D0C53A9BD}.Release|iPhoneSimulator.ActiveCfg = Release|Any CPU
		{43E60047-5945-48AD-A3D0-259D0C53A9BD}.Release|iPhoneSimulator.Build.0 = Release|Any CPU
		{43E60047-5945-48AD-A3D0-259D0C53A9BD}.Release|iPhoneSimulator.Deploy.0 = Release|Any CPU
		{43E60047-5945-48AD-A3D0-259D0C53A9BD}.Release|x64.ActiveCfg = Release|Any CPU
		{43E60047-5945-48AD-A3D0-259D0C53A9BD}.Release|x64.Build.0 = Release|Any CPU
		{43E60047-5945-48AD-A3D0-259D0C53A9BD}.Release|x64.Deploy.0 = Release|Any CPU
		{43E60047-5945-48AD-A3D0-259D0C53A9BD}.Release|x86.ActiveCfg = Release|Any CPU
		{43E60047-5945-48AD-A3D0-259D0C53A9BD}.Release|x86.Build.0 = Release|Any CPU
		{43E60047-5945-48AD-A3D0-259D0C53A9BD}.Release|x86.Deploy.0 = Release|Any CPU
		{E9279E9B-000B-4E6F-9E3E-7EE9BD0D3EBB}.Ad-Hoc|Any CPU.ActiveCfg = Ad-Hoc|iPhone
		{E9279E9B-000B-4E6F-9E3E-7EE9BD0D3EBB}.Ad-Hoc|ARM.ActiveCfg = Ad-Hoc|iPhone
		{E9279E9B-000B-4E6F-9E3E-7EE9BD0D3EBB}.Ad-Hoc|iPhone.ActiveCfg = Ad-Hoc|iPhone
		{E9279E9B-000B-4E6F-9E3E-7EE9BD0D3EBB}.Ad-Hoc|iPhone.Build.0 = Ad-Hoc|iPhone
		{E9279E9B-000B-4E6F-9E3E-7EE9BD0D3EBB}.Ad-Hoc|iPhoneSimulator.ActiveCfg = Ad-Hoc|iPhoneSimulator
		{E9279E9B-000B-4E6F-9E3E-7EE9BD0D3EBB}.Ad-Hoc|iPhoneSimulator.Build.0 = Ad-Hoc|iPhoneSimulator
		{E9279E9B-000B-4E6F-9E3E-7EE9BD0D3EBB}.Ad-Hoc|x64.ActiveCfg = Ad-Hoc|iPhone
		{E9279E9B-000B-4E6F-9E3E-7EE9BD0D3EBB}.Ad-Hoc|x86.ActiveCfg = Ad-Hoc|iPhone
		{E9279E9B-000B-4E6F-9E3E-7EE9BD0D3EBB}.AppStore|Any CPU.ActiveCfg = AppStore|iPhone
		{E9279E9B-000B-4E6F-9E3E-7EE9BD0D3EBB}.AppStore|ARM.ActiveCfg = AppStore|iPhone
		{E9279E9B-000B-4E6F-9E3E-7EE9BD0D3EBB}.AppStore|iPhone.ActiveCfg = AppStore|iPhone
		{E9279E9B-000B-4E6F-9E3E-7EE9BD0D3EBB}.AppStore|iPhone.Build.0 = AppStore|iPhone
		{E9279E9B-000B-4E6F-9E3E-7EE9BD0D3EBB}.AppStore|iPhoneSimulator.ActiveCfg = AppStore|iPhoneSimulator
		{E9279E9B-000B-4E6F-9E3E-7EE9BD0D3EBB}.AppStore|iPhoneSimulator.Build.0 = AppStore|iPhoneSimulator
		{E9279E9B-000B-4E6F-9E3E-7EE9BD0D3EBB}.AppStore|x64.ActiveCfg = AppStore|iPhone
		{E9279E9B-000B-4E6F-9E3E-7EE9BD0D3EBB}.AppStore|x86.ActiveCfg = AppStore|iPhone
		{E9279E9B-000B-4E6F-9E3E-7EE9BD0D3EBB}.Debug|Any CPU.ActiveCfg = Debug|iPhone
		{E9279E9B-000B-4E6F-9E3E-7EE9BD0D3EBB}.Debug|ARM.ActiveCfg = Debug|iPhone
		{E9279E9B-000B-4E6F-9E3E-7EE9BD0D3EBB}.Debug|iPhone.ActiveCfg = Debug|iPhone
		{E9279E9B-000B-4E6F-9E3E-7EE9BD0D3EBB}.Debug|iPhone.Build.0 = Debug|iPhone
		{E9279E9B-000B-4E6F-9E3E-7EE9BD0D3EBB}.Debug|iPhoneSimulator.ActiveCfg = Debug|iPhoneSimulator
		{E9279E9B-000B-4E6F-9E3E-7EE9BD0D3EBB}.Debug|iPhoneSimulator.Build.0 = Debug|iPhoneSimulator
		{E9279E9B-000B-4E6F-9E3E-7EE9BD0D3EBB}.Debug|x64.ActiveCfg = Debug|iPhone
		{E9279E9B-000B-4E6F-9E3E-7EE9BD0D3EBB}.Debug|x86.ActiveCfg = Debug|iPhone
		{E9279E9B-000B-4E6F-9E3E-7EE9BD0D3EBB}.Release|Any CPU.ActiveCfg = Release|iPhone
		{E9279E9B-000B-4E6F-9E3E-7EE9BD0D3EBB}.Release|ARM.ActiveCfg = Release|iPhone
		{E9279E9B-000B-4E6F-9E3E-7EE9BD0D3EBB}.Release|iPhone.ActiveCfg = Release|iPhone
		{E9279E9B-000B-4E6F-9E3E-7EE9BD0D3EBB}.Release|iPhone.Build.0 = Release|iPhone
		{E9279E9B-000B-4E6F-9E3E-7EE9BD0D3EBB}.Release|iPhoneSimulator.ActiveCfg = Release|iPhoneSimulator
		{E9279E9B-000B-4E6F-9E3E-7EE9BD0D3EBB}.Release|iPhoneSimulator.Build.0 = Release|iPhoneSimulator
		{E9279E9B-000B-4E6F-9E3E-7EE9BD0D3EBB}.Release|x64.ActiveCfg = Release|iPhone
		{E9279E9B-000B-4E6F-9E3E-7EE9BD0D3EBB}.Release|x86.ActiveCfg = Release|iPhone
	EndGlobalSection
	GlobalSection(SolutionProperties) = preSolution
		HideSolutionNode = FALSE
	EndGlobalSection
EndGlobal
